Microsoft Visual Studio Solution File, Format Version 12.00
# Visual Studio 2012
Project("{FAE04EC0-301F-11D3-BF4B-00C04F79EFBC}") = "bálint-godot", "bálint-godot.csproj", "{C8669114-4AB4-4CA3-9188-3BCC84514ADF}"
EndProject
Global
	GlobalSection(SolutionConfigurationPlatforms) = preSolution
	Debug|Any CPU = Debug|Any CPU
	ExportDebug|Any CPU = ExportDebug|Any CPU
	ExportRelease|Any CPU = ExportRelease|Any CPU
	EndGlobalSection
	GlobalSection(ProjectConfigurationPlatforms) = postSolution
		{C8669114-4AB4-4CA3-9188-3BCC84514ADF}.Debug|Any CPU.ActiveCfg = Debug|Any CPU
		{C8669114-4AB4-4CA3-9188-3BCC84514ADF}.Debug|Any CPU.Build.0 = Debug|Any CPU
		{C8669114-4AB4-4CA3-9188-3BCC84514ADF}.ExportDebug|Any CPU.ActiveCfg = ExportDebug|Any CPU
		{C8669114-4AB4-4CA3-9188-3BCC84514ADF}.ExportDebug|Any CPU.Build.0 = ExportDebug|Any CPU
		{C8669114-4AB4-4CA3-9188-3BCC84514ADF}.ExportRelease|Any CPU.ActiveCfg = ExportRelease|Any CPU
		{C8669114-4AB4-4CA3-9188-3BCC84514ADF}.ExportRelease|Any CPU.Build.0 = ExportRelease|Any CPU
	EndGlobalSection
EndGlobal
